
Microsoft Visual Studio Solution File, Format Version 12.00
# Visual Studio Version 17
VisualStudioVersion = 17.8.34511.84
MinimumVisualStudioVersion = 10.0.40219.1
Project("{FAE04EC0-301F-11D3-BF4B-00C04F79EFBC}") = "QL_Luan_van", "QL_Luan_van\QL_Luan_van.csproj", "{AFE0CAD1-4AF1-4218-84EB-50FA1F091492}"
EndProject
Global
	GlobalSection(SolutionConfigurationPlatforms) = preSolution
		Debug|Any CPU = Debug|Any CPU
		Release|Any CPU = Release|Any CPU
	EndGlobalSection
	GlobalSection(ProjectConfigurationPlatforms) = postSolution
		{AFE0CAD1-4AF1-4218-84EB-50FA1F091492}.Debug|Any CPU.ActiveCfg = Debug|Any CPU
		{AFE0CAD1-4AF1-4218-84EB-50FA1F091492}.Debug|Any CPU.Build.0 = Debug|Any CPU
		{AFE0CAD1-4AF1-4218-84EB-50FA1F091492}.Release|Any CPU.ActiveCfg = Release|Any CPU
		{AFE0CAD1-4AF1-4218-84EB-50FA1F091492}.Release|Any CPU.Build.0 = Release|Any CPU
	EndGlobalSection
	GlobalSection(SolutionProperties) = preSolution
		HideSolutionNode = FALSE
	EndGlobalSection
	GlobalSection(ExtensibilityGlobals) = postSolution
		SolutionGuid = {E9FEEE88-3A19-42F3-87A4-5554AD06C5EC}
	EndGlobalSection
EndGlobal
